Microsoft Visual Studio Solution File, Format Version 12.00
# Visual Studio Version 17
VisualStudioVersion = 17.5.2.0
MinimumVisualStudioVersion = 10.0.40219.1
Project("{FAE04EC0-301F-11D3-BF4B-00C04F79EFBC}") = "GrpcService", "GrpcService\GrpcService.csproj", "{FA0BEABF-F29B-C5C3-D923-E54A7EA0D3BA}"
EndProject
Global
	GlobalSection(SolutionConfigurationPlatforms) = preSolution
		Debug|Any CPU = Debug|Any CPU
		Release|Any CPU = Release|Any CPU
	EndGlobalSection
	GlobalSection(ProjectConfigurationPlatforms) = postSolution
		{FA0BEABF-F29B-C5C3-D923-E54A7EA0D3BA}.Debug|Any CPU.ActiveCfg = Debug|Any CPU
		{FA0BEABF-F29B-C5C3-D923-E54A7EA0D3BA}.Debug|Any CPU.Build.0 = Debug|Any CPU
		{FA0BEABF-F29B-C5C3-D923-E54A7EA0D3BA}.Release|Any CPU.ActiveCfg = Release|Any CPU
		{FA0BEABF-F29B-C5C3-D923-E54A7EA0D3BA}.Release|Any CPU.Build.0 = Release|Any CPU
	EndGlobalSection
	GlobalSection(SolutionProperties) = preSolution
		HideSolutionNode = FALSE
	EndGlobalSection
	GlobalSection(ExtensibilityGlobals) = postSolution
		SolutionGuid = {CCE0BC4F-F31A-426B-841A-06494AAAF2AD}
	EndGlobalSection
EndGlobal
